
Microsoft Visual Studio Solution File, Format Version 12.00
# Visual Studio Version 17
VisualStudioVersion = 17.5.002.0
MinimumVisualStudioVersion = 10.0.40219.1
Project("{9A19103F-16F7-4668-BE54-9A1E7A4F7556}") = "Utxorpc.Spec", "Utxorpc.Spec.csproj", "{C0BC51E5-FEE6-4A16-9D07-438A0AC245EE}"
EndProject
Global
	GlobalSection(SolutionConfigurationPlatforms) = preSolution
		Debug|Any CPU = Debug|Any CPU
		Release|Any CPU = Release|Any CPU
	EndGlobalSection
	GlobalSection(ProjectConfigurationPlatforms) = postSolution
		{C0BC51E5-FEE6-4A16-9D07-438A0AC245EE}.Debug|Any CPU.ActiveCfg = Debug|Any CPU
		{C0BC51E5-FEE6-4A16-9D07-438A0AC245EE}.Debug|Any CPU.Build.0 = Debug|Any CPU
		{C0BC51E5-FEE6-4A16-9D07-438A0AC245EE}.Release|Any CPU.ActiveCfg = Release|Any CPU
		{C0BC51E5-FEE6-4A16-9D07-438A0AC245EE}.Release|Any CPU.Build.0 = Release|Any CPU
	EndGlobalSection
	GlobalSection(SolutionProperties) = preSolution
		HideSolutionNode = FALSE
	EndGlobalSection
	GlobalSection(ExtensibilityGlobals) = postSolution
		SolutionGuid = {02F6967B-8284-4DA5-B742-925D91B9A632}
	EndGlobalSection
EndGlobal
